{
  "version": "3",
  "remote": {
    "https://deno.land/std@0.184.0/_util/asserts.ts": "178dfc49a464aee693a7e285567b3d0b555dc805ff490505a8aae34f9cfb1462",
    "https://deno.land/std@0.184.0/_util/os.ts": "d932f56d41e4f6a6093d56044e29ce637f8dcc43c5a90af43504a889cf1775e3",
    "https://deno.land/std@0.184.0/encoding/hex.ts": "b4b1a7cb678745b0bf181ed8cf2498c7be00d121a7de244b752fbf9c7d9c48cd",
    "https://deno.land/std@0.184.0/fmt/colors.ts": "d67e3cd9f472535241a8e410d33423980bec45047e343577554d3356e1f0ef4e",
    "https://deno.land/std@0.184.0/fs/_util.ts": "579038bebc3bd35c43a6a7766f7d91fbacdf44bc03468e9d3134297bb99ed4f9",
    "https://deno.land/std@0.184.0/fs/copy.ts": "14214efd94fc3aa6db1e4af2b4b9578e50f7362b7f3725d5a14ad259a5df26c8",
    "https://deno.land/std@0.184.0/fs/empty_dir.ts": "c3d2da4c7352fab1cf144a1ecfef58090769e8af633678e0f3fabaef98594688",
    "https://deno.land/std@0.184.0/fs/ensure_dir.ts": "dc64c4c75c64721d4e3fb681f1382f803ff3d2868f08563ff923fdd20d071c40",
    "https://deno.land/std@0.184.0/fs/ensure_file.ts": "c38602670bfaf259d86ca824a94e6cb9e5eb73757fefa4ebf43a90dd017d53d9",
    "https://deno.land/std@0.184.0/fs/ensure_link.ts": "c0f5b2f0ec094ed52b9128eccb1ee23362a617457aa0f699b145d4883f5b2fb4",
    "https://deno.land/std@0.184.0/fs/ensure_symlink.ts": "5006ab2f458159c56d689b53b1e48d57e05eeb1eaf64e677f7f76a30bc4fdba1",
    "https://deno.land/std@0.184.0/fs/eol.ts": "f1f2eb348a750c34500741987b21d65607f352cf7205f48f4319d417fff42842",
    "https://deno.land/std@0.184.0/fs/exists.ts": "29c26bca8584a22876be7cb8844f1b6c8fc35e9af514576b78f5c6884d7ed02d",
    "https://deno.land/std@0.184.0/fs/expand_glob.ts": "e4f56259a0a70fe23f05215b00de3ac5e6ba46646ab2a06ebbe9b010f81c972a",
    "https://deno.land/std@0.184.0/fs/mod.ts": "bc3d0acd488cc7b42627044caf47d72019846d459279544e1934418955ba4898",
    "https://deno.land/std@0.184.0/fs/move.ts": "b4f8f46730b40c32ea3c0bc8eb0fd0e8139249a698883c7b3756424cf19785c9",
    "https://deno.land/std@0.184.0/fs/walk.ts": "920be35a7376db6c0b5b1caf1486fb962925e38c9825f90367f8f26b5e5d0897",
    "https://deno.land/std@0.184.0/path/_constants.ts": "e49961f6f4f48039c0dfed3c3f93e963ca3d92791c9d478ac5b43183413136e0",
    "https://deno.land/std@0.184.0/path/_interface.ts": "6471159dfbbc357e03882c2266d21ef9afdb1e4aa771b0545e90db58a0ba314b",
    "https://deno.land/std@0.184.0/path/_util.ts": "d7abb1e0dea065f427b89156e28cdeb32b045870acdf865833ba808a73b576d0",
    "https://deno.land/std@0.184.0/path/common.ts": "ee7505ab01fd22de3963b64e46cff31f40de34f9f8de1fff6a1bd2fe79380000",
    "https://deno.land/std@0.184.0/path/glob.ts": "d479e0a695621c94d3fd7fe7abd4f9499caf32a8de13f25073451c6ef420a4e1",
    "https://deno.land/std@0.184.0/path/mod.ts": "bf718f19a4fdd545aee1b06409ca0805bd1b68ecf876605ce632e932fe54510c",
    "https://deno.land/std@0.184.0/path/posix.ts": "8b7c67ac338714b30c816079303d0285dd24af6b284f7ad63da5b27372a2c94d",
    "https://deno.land/std@0.184.0/path/separator.ts": "0fb679739d0d1d7bf45b68dacfb4ec7563597a902edbaf3c59b50d5bcadd93b1",
    "https://deno.land/std@0.184.0/path/win32.ts": "d186344e5583bcbf8b18af416d13d82b35a317116e6460a5a3953508c3de5bba",
    "https://deno.land/x/byte_type@0.2.2/mod.ts": "f7f562a87f4211510335696c6be7143c7e015e05c58d0632b9f68add6d7fb599",
    "https://deno.land/x/byte_type@0.2.2/types/array/array.ts": "08d0d4bf82e6e60dedfc2319d01128f1e756affee5547e021dda6321ba5b97e8",
    "https://deno.land/x/byte_type@0.2.2/types/array/array_buffer.ts": "99dc5d135125c9d2cb3f689c266af098e71b6cad6c9ebecaec55fe96c7d216ce",
    "https://deno.land/x/byte_type@0.2.2/types/array/mod.ts": "3bcf269bf777f8580bb1cf890e39541846fff0b73d0b867b850e58a9cd05f332",
    "https://deno.land/x/byte_type@0.2.2/types/array/typed_array.ts": "e66e489799e83409695519fd446115c8bc532e3bee93c147e4bd085b32046905",
    "https://deno.land/x/byte_type@0.2.2/types/bitflags/bitflags16.ts": "126685d817d7c07b5eadb290db6d466dc5f6775b0404619c1dfc2ec8f8be23a0",
    "https://deno.land/x/byte_type@0.2.2/types/bitflags/bitflags32.ts": "9f658051e75aa70f617b90ab807a97321f1f5e1c0adaabb9134c1bd56b965b31",
    "https://deno.land/x/byte_type@0.2.2/types/bitflags/bitflags64.ts": "f7244243268a67938cb7cc6d002a8389eb3f1277825ca0d448972956fc003055",
    "https://deno.land/x/byte_type@0.2.2/types/bitflags/bitflags8.ts": "dec36625ce3e9ae927f06ef01b9cfa031bb626fd51b8ca4e4dcd48c33af21677",
    "https://deno.land/x/byte_type@0.2.2/types/bitflags/mod.ts": "1897c05a4349ab257e80125968cab75103b57c90620e9cf5f0e6747c95f1541e",
    "https://deno.land/x/byte_type@0.2.2/types/leb128/_i64leb128.ts": "6e257775fe3b7622bfed3badc558b1f73b1121616d157659837b3f41a4c18936",
    "https://deno.land/x/byte_type@0.2.2/types/leb128/i32leb128.ts": "8e1746edb0492ed121b71c2432fe072eac44f06e425c5f13999070e063264b25",
    "https://deno.land/x/byte_type@0.2.2/types/leb128/i64leb128.ts": "166d0c9058a2dc9e97dce7694b6c24eced21ef8a93925aa383594276fa861de1",
    "https://deno.land/x/byte_type@0.2.2/types/leb128/mod.ts": "cdc37cc01da71fe7b264d86e9f24ec7cc0551b7cbfc0c8862bbdf8c3ae7e22c3",
    "https://deno.land/x/byte_type@0.2.2/types/misc/expect.ts": "9c86ba2fad4151f4a25be58b2cdf259e3ef2baca5b0f7051720e82d39e985121",
    "https://deno.land/x/byte_type@0.2.2/types/misc/mod.ts": "d0c4aff0831d8cb961f718e0ff9b34006daccb1a26dfc4300c17ff55a1d7486c",
    "https://deno.land/x/byte_type@0.2.2/types/mod.ts": "d5152cdf0427cf6729f7f7102876f30092e8054261700097852a99162cb95b3c",
    "https://deno.land/x/byte_type@0.2.2/types/primitive/bool.ts": "00c6f66ef35b07aaf304e479209f61d156ad4b61dd3c8558342c85a7610a44a4",
    "https://deno.land/x/byte_type@0.2.2/types/primitive/f32.ts": "ee99020ba2ee2bcd8be7f8c36af3be6d780c4d6c5afa79c655731570b307187c",
    "https://deno.land/x/byte_type@0.2.2/types/primitive/f64.ts": "430476c8e6de9aa987fa73532dabf82af594659744241c5b3eb5522d24f49816",
    "https://deno.land/x/byte_type@0.2.2/types/primitive/i16.ts": "cc12a7d2fc6e0283d9b9fff86e4d4176a71254f122ddc47fe95e81d143f63c20",
    "https://deno.land/x/byte_type@0.2.2/types/primitive/i32.ts": "7879b02ed250221c5d1889df9015a8040499e567f0fdc12c056478db0e18a253",
    "https://deno.land/x/byte_type@0.2.2/types/primitive/i64.ts": "b9607f4979fd755cb09e70cc0cdfcf0faffb13ad61ae359059976c9463906c5d",
    "https://deno.land/x/byte_type@0.2.2/types/primitive/i8.ts": "4cdf0f5cb77603c19dd440f9ad8f129c928860ca580af5a5707e3771524b087b",
    "https://deno.land/x/byte_type@0.2.2/types/primitive/mod.ts": "97f7b9928e258ed5efaaf44e808f3162262096e04fadb960f4dacbdcd19d118c",
    "https://deno.land/x/byte_type@0.2.2/types/primitive/u16.ts": "d9fd602a03d14fa4c6ccc1749c43f8e0a1d3122d54b8bb516ad41815df7a4c9c",
    "https://deno.land/x/byte_type@0.2.2/types/primitive/u32.ts": "bf54b30f35fadf777ee3f472c06c61fe8db5940a28fee80a8d4c2755774c8eed",
    "https://deno.land/x/byte_type@0.2.2/types/primitive/u64.ts": "7c71c4f422c719192ef1eb90fbe747c7c86417549f3558f17ba99e2312a29a93",
    "https://deno.land/x/byte_type@0.2.2/types/primitive/u8.ts": "142fde887c55f96f3b737b845027d8b0b7e94e2f45627658a00457bcb5f5db88",
    "https://deno.land/x/byte_type@0.2.2/types/string/fixed_length.ts": "8e7bda6308a1bad3f8c4b85f4c3c349b994f2a5dada8c270b51bea1d35dfe5ea",
    "https://deno.land/x/byte_type@0.2.2/types/string/mod.ts": "0aed4493034a83c46e55ee630484d06ead804e32608e8f4b364e558d2d5b4655",
    "https://deno.land/x/byte_type@0.2.2/types/string/null_terminated.ts": "5ce304e52e9bc03a185ecd217c5111ce02065ced6ea96bb531a8a806a3ce07a7",
    "https://deno.land/x/byte_type@0.2.2/types/struct/aligned.ts": "cc5d7fb50f9a10443b569e4cc217132e693ea00cc74dd1452681d7dac3301897",
    "https://deno.land/x/byte_type@0.2.2/types/struct/mod.ts": "17c32fe69560b2a4671fe60180387c7c3f9256f8ae58175a93f743084aef246c",
    "https://deno.land/x/byte_type@0.2.2/types/struct/packed.ts": "f730b4335f7b405a2571da843e4e190323b7fb74b310b68c578c61cbb7ac5a96",
    "https://deno.land/x/byte_type@0.2.2/types/struct/struct.ts": "725bc9c26bdc1d5887e714407df3a5cac2bea21ad379fad1d170f405b6163dfd",
    "https://deno.land/x/byte_type@0.2.2/types/tuple/mod.ts": "3a11a652a33aef575fadd28d70b78c872f34caab93c39cbb311442c4496ab4d8",
    "https://deno.land/x/byte_type@0.2.2/types/types.ts": "db9ba288d3ccaf99f4f5687c4a47d1bd98b92b1e3d4fe10853edf37d568e8577",
    "https://deno.land/x/byte_type@0.2.2/utils.ts": "e1458363e86a289e1143785c5e4b08e0f9a50c980a0c782ba07e3a9a68b2b8d7",
    "https://deno.land/x/plug@1.0.2/deps.ts": "36846a478fafaa1d8ca18aafd91584a748aa58de47ad0f45f008881dad82f374",
    "https://deno.land/x/plug@1.0.2/download.ts": "b92bc1c1ae35fdb75828847f1ebfc7e51bf462f339729740e1cffe78384e1509",
    "https://deno.land/x/plug@1.0.2/mod.ts": "32e0006ed6142e7becdb4103c2aa4e1e9ef28459d7243d6cb404a028f7c4eb7e",
    "https://deno.land/x/plug@1.0.2/types.ts": "0490359117c53783138f2b6692a34f85bca9237314ba8cdef8ad682d81218d21",
    "https://deno.land/x/plug@1.0.2/util.ts": "ded3db6e9bb16b8003899d9073fb310e13231ca617b35d6b7dfd53f38762cc76"
  }
}
